
Microsoft Visual Studio Solution File, Format Version 12.00
# Visual Studio Version 17
VisualStudioVersion = 17.8.34309.116
MinimumVisualStudioVersion = 10.0.40219.1
Project("{FAE04EC0-301F-11D3-BF4B-00C04F79EFBC}") = "MvcMusic", "MvcMusic.csproj", "{B2FF6CEA-D588-47BA-B0F2-6335AB4B8DBD}"
EndProject
Global
	GlobalSection(SolutionConfigurationPlatforms) = preSolution
		Debug|Any CPU = Debug|Any CPU
		Release|Any CPU = Release|Any CPU
	EndGlobalSection
	GlobalSection(ProjectConfigurationPlatforms) = postSolution
		{B2FF6CEA-D588-47BA-B0F2-6335AB4B8DBD}.Debug|Any CPU.ActiveCfg = Debug|Any CPU
		{B2FF6CEA-D588-47BA-B0F2-6335AB4B8DBD}.Debug|Any CPU.Build.0 = Debug|Any CPU
		{B2FF6CEA-D588-47BA-B0F2-6335AB4B8DBD}.Release|Any CPU.ActiveCfg = Release|Any CPU
		{B2FF6CEA-D588-47BA-B0F2-6335AB4B8DBD}.Release|Any CPU.Build.0 = Release|Any CPU
	EndGlobalSection
	GlobalSection(SolutionProperties) = preSolution
		HideSolutionNode = FALSE
	EndGlobalSection
	GlobalSection(ExtensibilityGlobals) = postSolution
		SolutionGuid = {C51AB909-5B17-4B40-B21A-0CF5E361BC72}
	EndGlobalSection
EndGlobal
